
Microsoft Visual Studio Solution File, Format Version 12.00
# Visual Studio Version 17
VisualStudioVersion = 17.10.35013.160
MinimumVisualStudioVersion = 10.0.40219.1
Project("{FAE04EC0-301F-11D3-BF4B-00C04F79EFBC}") = "Orders.Backend", "Orders.Backend\Orders.Backend.csproj", "{0C5AD9C5-0852-41B5-B9B3-93F2D52E2549}"
EndProject
Project("{FAE04EC0-301F-11D3-BF4B-00C04F79EFBC}") = "Orders.Frontend", "Orders.Frontend\Orders.Frontend.csproj", "{3D1F46CB-4816-4399-B509-9EEE424E6741}"
EndProject
Project("{FAE04EC0-301F-11D3-BF4B-00C04F79EFBC}") = "Orders.Share", "Orders.Share\Orders.Share.csproj", "{AB1866B4-ADFC-467A-8714-3E4D5FE68C0A}"
EndProject
Project("{FAE04EC0-301F-11D3-BF4B-00C04F79EFBC}") = "Orders.Test", "Orders.Test\Orders.Test.csproj", "{3F2DB0A4-4B56-4C7E-9121-1C643629F9E2}"
EndProject
Global
	GlobalSection(SolutionConfigurationPlatforms) = preSolution
		Debug|Any CPU = Debug|Any CPU
		Release|Any CPU = Release|Any CPU
	EndGlobalSection
	GlobalSection(ProjectConfigurationPlatforms) = postSolution
		{0C5AD9C5-0852-41B5-B9B3-93F2D52E2549}.Debug|Any CPU.ActiveCfg = Debug|Any CPU
		{0C5AD9C5-0852-41B5-B9B3-93F2D52E2549}.Debug|Any CPU.Build.0 = Debug|Any CPU
		{0C5AD9C5-0852-41B5-B9B3-93F2D52E2549}.Release|Any CPU.ActiveCfg = Release|Any CPU
		{0C5AD9C5-0852-41B5-B9B3-93F2D52E2549}.Release|Any CPU.Build.0 = Release|Any CPU
		{3D1F46CB-4816-4399-B509-9EEE424E6741}.Debug|Any CPU.ActiveCfg = Debug|Any CPU
		{3D1F46CB-4816-4399-B509-9EEE424E6741}.Debug|Any CPU.Build.0 = Debug|Any CPU
		{3D1F46CB-4816-4399-B509-9EEE424E6741}.Release|Any CPU.ActiveCfg = Release|Any CPU
		{3D1F46CB-4816-4399-B509-9EEE424E6741}.Release|Any CPU.Build.0 = Release|Any CPU
		{AB1866B4-ADFC-467A-8714-3E4D5FE68C0A}.Debug|Any CPU.ActiveCfg = Debug|Any CPU
		{AB1866B4-ADFC-467A-8714-3E4D5FE68C0A}.Debug|Any CPU.Build.0 = Debug|Any CPU
		{AB1866B4-ADFC-467A-8714-3E4D5FE68C0A}.Release|Any CPU.ActiveCfg = Release|Any CPU
		{AB1866B4-ADFC-467A-8714-3E4D5FE68C0A}.Release|Any CPU.Build.0 = Release|Any CPU
		{3F2DB0A4-4B56-4C7E-9121-1C643629F9E2}.Debug|Any CPU.ActiveCfg = Debug|Any CPU
		{3F2DB0A4-4B56-4C7E-9121-1C643629F9E2}.Debug|Any CPU.Build.0 = Debug|Any CPU
		{3F2DB0A4-4B56-4C7E-9121-1C643629F9E2}.Release|Any CPU.ActiveCfg = Release|Any CPU
		{3F2DB0A4-4B56-4C7E-9121-1C643629F9E2}.Release|Any CPU.Build.0 = Release|Any CPU
	EndGlobalSection
	GlobalSection(SolutionProperties) = preSolution
		HideSolutionNode = FALSE
	EndGlobalSection
	GlobalSection(ExtensibilityGlobals) = postSolution
		SolutionGuid = {99290011-F8DA-4DB7-86E2-AD61992CE095}
	EndGlobalSection
EndGlobal
